# This file is autogenerated, do not edit; changes may be undone by the next 'dep ensure'.


[[projects]]
  name = "github.com/vishvananda/netlink"
  packages = [
    ".",
    "nl"
  ]
  revision = "a632d6dc2806fa19d2f7693017d3fb79d3d8fa03"

[[projects]]
  name = "github.com/vishvananda/netns"
  packages = ["."]
  revision = "8ba1072b58e0c2a240eb5f6120165c7776c3e7b8"

[solve-meta]
  analyzer-name = "dep"
  analyzer-version = 1
  inputs-digest = "9d09a5af9e303982be6c50c3ad1ff9ce4e8140b5a1132f40beb8d20880b45993"
  solver-name = "gps-cdcl"
  solver-version = 1
